
Microsoft Visual Studio Solution File, Format Version 12.00
# Visual Studio Version 17
VisualStudioVersion = 17.5.33530.505
MinimumVisualStudioVersion = 10.0.40219.1
Project("{FAE04EC0-301F-11D3-BF4B-00C04F79EFBC}") = "OldPhoneKeyPad", "OldPhoneKeyPad\OldPhoneKeyPad.csproj", "{899D272D-29DD-4E14-9DAF-1889E2D41E32}"
EndProject
Project("{FAE04EC0-301F-11D3-BF4B-00C04F79EFBC}") = "TestProject", "TestProject\TestProject.csproj", "{EE172916-929B-4431-9C6B-A952087672B0}"
EndProject
Global
	GlobalSection(SolutionConfigurationPlatforms) = preSolution
		Debug|Any CPU = Debug|Any CPU
		Release|Any CPU = Release|Any CPU
	EndGlobalSection
	GlobalSection(ProjectConfigurationPlatforms) = postSolution
		{899D272D-29DD-4E14-9DAF-1889E2D41E32}.Debug|Any CPU.ActiveCfg = Debug|Any CPU
		{899D272D-29DD-4E14-9DAF-1889E2D41E32}.Debug|Any CPU.Build.0 = Debug|Any CPU
		{899D272D-29DD-4E14-9DAF-1889E2D41E32}.Release|Any CPU.ActiveCfg = Release|Any CPU
		{899D272D-29DD-4E14-9DAF-1889E2D41E32}.Release|Any CPU.Build.0 = Release|Any CPU
		{EE172916-929B-4431-9C6B-A952087672B0}.Debug|Any CPU.ActiveCfg = Debug|Any CPU
		{EE172916-929B-4431-9C6B-A952087672B0}.Debug|Any CPU.Build.0 = Debug|Any CPU
		{EE172916-929B-4431-9C6B-A952087672B0}.Release|Any CPU.ActiveCfg = Release|Any CPU
		{EE172916-929B-4431-9C6B-A952087672B0}.Release|Any CPU.Build.0 = Release|Any CPU
	EndGlobalSection
	GlobalSection(SolutionProperties) = preSolution
		HideSolutionNode = FALSE
	EndGlobalSection
	GlobalSection(ExtensibilityGlobals) = postSolution
		SolutionGuid = {5E3DD51C-DFE8-4F1D-8E3B-08676014F16F}
	EndGlobalSection
EndGlobal
